// !$*UTF8*$!
{
	archiveVersion = 1;
	classes = {
	};
	objectVersion = 48;
	objects = {

/* Begin PBXBuildFile section */
		5D98CEFA3898032918E11F46 /* Pods_JWSCocoapodsTips.framework in Frameworks */ = {isa = PBXBuildFile; fileRef = 52E3288FCE5376978EC06E9F /* Pods_JWSCocoapodsTips.framework */; };
		BC577D62208602E6002D6CBB /* AppDelegate.swift in Sources */ = {isa = PBXBuildFile; fileRef = BC577D61208602E6002D6CBB /* AppDelegate.swift */; };
		BC577D64208602E6002D6CBB /* ViewController.swift in Sources */ = {isa = PBXBuildFile; fileRef = BC577D63208602E6002D6CBB /* ViewController.swift */; };
		BC577D67208602E6002D6CBB /* Main.storyboard in Resources */ = {isa = PBXBuildFile; fileRef = BC577D65208602E6002D6CBB /* Main.storyboard */; };
		BC577D69208602E6002D6CBB /* Assets.xcassets in Resources */ = {isa = PBXBuildFile; fileRef = BC577D68208602E6002D6CBB /* Assets.xcassets */; };
		BC577D6C208602E6002D6CBB /* LaunchScreen.storyboard in Resources */ = {isa = PBXBuildFile; fileRef = BC577D6A208602E6002D6CBB /* LaunchScreen.storyboard */; };
/* End PBXBuildFile section */

/* Begin PBXFileReference section */
		52E3288FCE5376978EC06E9F /* Pods_JWSCocoapodsTips.framework */ = {isa = PBXFileReference; explicitFileType = wrapper.framework; includeInIndex = 0; path = Pods_JWSCocoapodsTips.framework; sourceTree = BUILT_PRODUCTS_DIR; };
		5B71A2D64D009F8C62784019 /* Pods-JWSCocoapodsTips.debug.xcconfig */ = {isa = PBXFileReference; includeInIndex = 1; lastKnownFileType = text.xcconfig; name = "Pods-JWSCocoapodsTips.debug.xcconfig"; path = "Pods/Target Support Files/Pods-JWSCocoapodsTips/Pods-JWSCocoapodsTips.debug.xcconfig"; sourceTree = "<group>"; };
		AEF7DE1B4B986C2F07485268 /* Pods-JWSCocoapodsTips.release.xcconfig */ = {isa = PBXFileReference; includeInIndex = 1; lastKnownFileType = text.xcconfig; name = "Pods-JWSCocoapodsTips.release.xcconfig"; path = "Pods/Target Support Files/Pods-JWSCocoapodsTips/Pods-JWSCocoapodsTips.release.xcconfig"; sourceTree = "<group>"; };
		BC577D5E208602E6002D6CBB /* JWSCocoapodsTips.app */ = {isa = PBXFileReference; explicitFileType = wrapper.application; includeInIndex = 0; path = JWSCocoapodsTips.app; sourceTree = BUILT_PRODUCTS_DIR; };
		BC577D61208602E6002D6CBB /* AppDelegate.swift */ = {isa = PBXFileReference; lastKnownFileType = sourcecode.swift; path = AppDelegate.swift; sourceTree = "<group>"; };
		BC577D63208602E6002D6CBB /* ViewController.swift */ = {isa = PBXFileReference; lastKnownFileType = sourcecode.swift; path = ViewController.swift; sourceTree = "<group>"; };
		BC577D66208602E6002D6CBB /* Base */ = {isa = PBXFileReference; lastKnownFileType = file.storyboard; name = Base; path = Base.lproj/Main.storyboard; sourceTree = "<group>"; };
		BC577D68208602E6002D6CBB /* Assets.xcassets */ = {isa = PBXFileReference; lastKnownFileType = folder.assetcatalog; path = Assets.xcassets; sourceTree = "<group>"; };
		BC577D6B208602E6002D6CBB /* Base */ = {isa = PBXFileReference; lastKnownFileType = file.storyboard; name = Base; path = Base.lproj/LaunchScreen.storyboard; sourceTree = "<group>"; };
		BC577D6D208602E6002D6CBB /* Info.plist */ = {isa = PBXFileReference; lastKnownFileType = text.plist.xml; path = Info.plist; sourceTree = "<group>"; };
/* End PBXFileReference section */

/* Begin PBXFrameworksBuildPhase section */
		BC577D5B208602E6002D6CBB /* Frameworks */ = {
			isa = PBXFrameworksBuildPhase;
			buildActionMask = 2147483647;
			files = (
				5D98CEFA3898032918E11F46 /* Pods_JWSCocoapodsTips.framework in Frameworks */,
			);
			runOnlyForDeploymentPostprocessing = 0;
		};
/* End PBXFrameworksBuildPhase section */

/* Begin PBXGroup section */
		31488FD87166252738F8928A /* Frameworks */ = {
			isa = PBXGroup;
			children = (
				52E3288FCE5376978EC06E9F /* Pods_JWSCocoapodsTips.framework */,
			);
			name = Frameworks;
			sourceTree = "<group>";
		};
		9EDF8F8B9EA1E06375AE313C /* Pods */ = {
			isa = PBXGroup;
			children = (
				5B71A2D64D009F8C62784019 /* Pods-JWSCocoapodsTips.debug.xcconfig */,
				AEF7DE1B4B986C2F07485268 /* Pods-JWSCocoapodsTips.release.xcconfig */,
			);
			name = Pods;
			sourceTree = "<group>";
		};
		BC577D55208602E6002D6CBB = {
			isa = PBXGroup;
			children = (
				BC577D60208602E6002D6CBB /* JWSCocoapodsTips */,
				BC577D5F208602E6002D6CBB /* Products */,
				9EDF8F8B9EA1E06375AE313C /* Pods */,
				31488FD87166252738F8928A /* Frameworks */,
			);
			sourceTree = "<group>";
		};
		BC577D5F208602E6002D6CBB /* Products */ = {
			isa = PBXGroup;
			children = (
				BC577D5E208602E6002D6CBB /* JWSCocoapodsTips.app */,
			);
			name = Products;
			sourceTree = "<group>";
		};
		BC577D60208602E6002D6CBB /* JWSCocoapodsTips */ = {
			isa = PBXGroup;
			children = (
				BC577D61208602E6002D6CBB /* AppDelegate.swift */,
				BC577D63208602E6002D6CBB /* ViewController.swift */,
				BC577D65208602E6002D6CBB /* Main.storyboard */,
				BC577D68208602E6002D6CBB /* Assets.xcassets */,
				BC577D6A208602E6002D6CBB /* LaunchScreen.storyboard */,
				BC577D6D208602E6002D6CBB /* Info.plist */,
			);
			path = JWSCocoapodsTips;
			sourceTree = "<group>";
		};
/* End PBXGroup section */

/* Begin PBXNativeTarget section */
		BC577D5D208602E6002D6CBB /* JWSCocoapodsTips */ = {
			isa = PBXNativeTarget;
			buildConfigurationList = BC577D70208602E6002D6CBB /* Build configuration list for PBXNativeTarget "JWSCocoapodsTips" */;
			buildPhases = (
				BF32CE8C2F84AEC8C38A4AD0 /* [CP] Check Pods Manifest.lock */,
				BC577D5A208602E6002D6CBB /* Sources */,
				BC577D5B208602E6002D6CBB /* Frameworks */,
				BC577D5C208602E6002D6CBB /* Resources */,
				294EAD2D688F6C7CE9E4A107 /* [CP] Embed Pods Frameworks */,
				2280EB9FBF90F41CA95EDECB /* [CP] Copy Pods Resources */,
			);
			buildRules = (
			);
			dependencies = (
			);
			name = JWSCocoapodsTips;
			productName = JWSCocoapodsTips;
			productReference = BC577D5E208602E6002D6CBB /* JWSCocoapodsTips.app */;
			productType = "com.apple.product-type.application";
		};
/* End PBXNativeTarget section */

/* Begin PBXProject section */
		BC577D56208602E6002D6CBB /* Project object */ = {
			isa = PBXProject;
			attributes = {
				LastSwiftUpdateCheck = 0920;
				LastUpgradeCheck = 0920;
				ORGANIZATIONNAME = clint;
				TargetAttributes = {
					BC577D5D208602E6002D6CBB = {
						CreatedOnToolsVersion = 9.2;
						ProvisioningStyle = Automatic;
					};
				};
			};
			buildConfigurationList = BC577D59208602E6002D6CBB /* Build configuration list for PBXProject "JWSCocoapodsTips" */;
			compatibilityVersion = "Xcode 8.0";
			developmentRegion = en;
			hasScannedForEncodings = 0;
			knownRegions = (
				en,
				Base,
			);
			mainGroup = BC577D55208602E6002D6CBB;
			productRefGroup = BC577D5F208602E6002D6CBB /* Products */;
			projectDirPath = "";
			projectRoot = "";
			targets = (
				BC577D5D208602E6002D6CBB /* JWSCocoapodsTips */,
			);
		};
/* End PBXProject section */

/* Begin PBXResourcesBuildPhase section */
		BC577D5C208602E6002D6CBB /* Resources */ = {
			isa = PBXResourcesBuildPhase;
			buildActionMask = 2147483647;
			files = (
				BC577D6C208602E6002D6CBB /* LaunchScreen.storyboard in Resources */,
				BC577D69208602E6002D6CBB /* Assets.xcassets in Resources */,
				BC577D67208602E6002D6CBB /* Main.storyboard in Resources */,
			);
			runOnlyForDeploymentPostprocessing = 0;
		};
/* End PBXResourcesBuildPhase section */

/* Begin PBXShellScriptBuildPhase section */
		2280EB9FBF90F41CA95EDECB /* [CP] Copy Pods Resources */ = {
			isa = PBXShellScriptBuildPhase;
			buildActionMask = 2147483647;
			files = (
			);
			inputPaths = (
			);
			name = "[CP] Copy Pods Resources";
			outputPaths = (
			);
			runOnlyForDeploymentPostprocessing = 0;
			shellPath = /bin/sh;
			shellScript = "\"${SRCROOT}/Pods/Target Support Files/Pods-JWSCocoapodsTips/Pods-JWSCocoapodsTips-resources.sh\"\n";
			showEnvVarsInLog = 0;
		};
		294EAD2D688F6C7CE9E4A107 /* [CP] Embed Pods Frameworks */ = {
			isa = PBXShellScriptBuildPhase;
			buildActionMask = 2147483647;
			files = (
			);
			inputPaths = (
				"${SRCROOT}/Pods/Target Support Files/Pods-JWSCocoapodsTips/Pods-JWSCocoapodsTips-frameworks.sh",
				"${BUILT_PRODUCTS_DIR}/Alamofire/Alamofire.framework",
				"${BUILT_PRODUCTS_DIR}/AlamofireActivityLogger/AlamofireActivityLogger.framework",
				"${BUILT_PRODUCTS_DIR}/AlamofireNetworkActivityIndicator/AlamofireNetworkActivityIndicator.framework",
				"${BUILT_PRODUCTS_DIR}/Bolts-Swift/BoltsSwift.framework",
				"${BUILT_PRODUCTS_DIR}/CleanroomLogger/CleanroomLogger.framework",
				"${BUILT_PRODUCTS_DIR}/FLEX/FLEX.framework",
				"${BUILT_PRODUCTS_DIR}/SnapKit/SnapKit.framework",
				"${BUILT_PRODUCTS_DIR}/SwiftDate/SwiftDate.framework",
				"${BUILT_PRODUCTS_DIR}/Toaster/Toaster.framework",
			);
			name = "[CP] Embed Pods Frameworks";
			outputPaths = (
				"${TARGET_BUILD_DIR}/${FRAMEWORKS_FOLDER_PATH}/Alamofire.framework",
				"${TARGET_BUILD_DIR}/${FRAMEWORKS_FOLDER_PATH}/AlamofireActivityLogger.framework",
				"${TARGET_BUILD_DIR}/${FRAMEWORKS_FOLDER_PATH}/AlamofireNetworkActivityIndicator.framework",
				"${TARGET_BUILD_DIR}/${FRAMEWORKS_FOLDER_PATH}/BoltsSwift.framework",
				"${TARGET_BUILD_DIR}/${FRAMEWORKS_FOLDER_PATH}/CleanroomLogger.framework",
				"${TARGET_BUILD_DIR}/${FRAMEWORKS_FOLDER_PATH}/FLEX.framework",
				"${TARGET_BUILD_DIR}/${FRAMEWORKS_FOLDER_PATH}/SnapKit.framework",
				"${TARGET_BUILD_DIR}/${FRAMEWORKS_FOLDER_PATH}/SwiftDate.framework",
				"${TARGET_BUILD_DIR}/${FRAMEWORKS_FOLDER_PATH}/Toaster.framework",
			);
			runOnlyForDeploymentPostprocessing = 0;
			shellPath = /bin/sh;
			shellScript = "\"${SRCROOT}/Pods/Target Support Files/Pods-JWSCocoapodsTips/Pods-JWSCocoapodsTips-frameworks.sh\"\n";
			showEnvVarsInLog = 0;
		};
		BF32CE8C2F84AEC8C38A4AD0 /* [CP] Check Pods Manifest.lock */ = {
			isa = PBXShellScriptBuildPhase;
			buildActionMask = 2147483647;
			files = (
			);
			inputPaths = (
				"${PODS_PODFILE_DIR_PATH}/Podfile.lock",
				"${PODS_ROOT}/Manifest.lock",
			);
			name = "[CP] Check Pods Manifest.lock";
			outputPaths = (
				"$(DERIVED_FILE_DIR)/Pods-JWSCocoapodsTips-checkManifestLockResult.txt",
			);
			runOnlyForDeploymentPostprocessing = 0;
			shellPath = /bin/sh;
			shellScript = "diff \"${PODS_PODFILE_DIR_PATH}/Podfile.lock\" \"${PODS_ROOT}/Manifest.lock\" > /dev/null\nif [ $? != 0 ] ; then\n    # print error to STDERR\n    echo \"error: The sandbox is not in sync with the Podfile.lock. Run 'pod install' or update your CocoaPods installation.\" >&2\n    exit 1\nfi\n# This output is used by Xcode 'outputs' to avoid re-running this script phase.\necho \"SUCCESS\" > \"${SCRIPT_OUTPUT_FILE_0}\"\n";
			showEnvVarsInLog = 0;
		};
/* End PBXShellScriptBuildPhase section */

/* Begin PBXSourcesBuildPhase section */
		BC577D5A208602E6002D6CBB /* Sources */ = {
			isa = PBXSourcesBuildPhase;
			buildActionMask = 2147483647;
			files = (
				BC577D64208602E6002D6CBB /* ViewController.swift in Sources */,
				BC577D62208602E6002D6CBB /* AppDelegate.swift in Sources */,
			);
			runOnlyForDeploymentPostprocessing = 0;
		};
/* End PBXSourcesBuildPhase section */

/* Begin PBXVariantGroup section */
		BC577D65208602E6002D6CBB /* Main.storyboard */ = {
			isa = PBXVariantGroup;
			children = (
				BC577D66208602E6002D6CBB /* Base */,
			);
			name = Main.storyboard;
			sourceTree = "<group>";
		};
		BC577D6A208602E6002D6CBB /* LaunchScreen.storyboard */ = {
			isa = PBXVariantGroup;
			children = (
				BC577D6B208602E6002D6CBB /* Base */,
			);
			name = LaunchScreen.storyboard;
			sourceTree = "<group>";
		};
/* End PBXVariantGroup section */

/* Begin XCBuildConfiguration section */
		BC577D6E208602E6002D6CBB /* Debug */ = {
			isa = XCBuildConfiguration;
			buildSettings = {
				ALWAYS_SEARCH_USER_PATHS = NO;
				CLANG_ANALYZER_NONNULL = YES;
				CLANG_ANALYZER_NUMBER_OBJECT_CONVERSION = YES_AGGRESSIVE;
				CLANG_CXX_LANGUAGE_STANDARD = "gnu++14";
				CLANG_CXX_LIBRARY = "libc++";
				CLANG_ENABLE_MODULES = YES;
				CLANG_ENABLE_OBJC_ARC = YES;
				CLANG_WARN_BLOCK_CAPTURE_AUTORELEASING = YES;
				CLANG_WARN_BOOL_CONVERSION = YES;
				CLANG_WARN_COMMA = YES;
				CLANG_WARN_CONSTANT_CONVERSION = YES;
				CLANG_WARN_DIRECT_OBJC_ISA_USAGE = YES_ERROR;
				CLANG_WARN_DOCUMENTATION_COMMENTS = YES;
				CLANG_WARN_EMPTY_BODY = YES;
				CLANG_WARN_ENUM_CONVERSION = YES;
				CLANG_WARN_INFINITE_RECURSION = YES;
				CLANG_WARN_INT_CONVERSION = YES;
				CLANG_WARN_NON_LITERAL_NULL_CONVERSION = YES;
				CLANG_WARN_OBJC_LITERAL_CONVERSION = YES;
				CLANG_WARN_OBJC_ROOT_CLASS = YES_ERROR;
				CLANG_WARN_RANGE_LOOP_ANALYSIS = YES;
				CLANG_WARN_STRICT_PROTOTYPES = YES;
				CLANG_WARN_SUSPICIOUS_MOVE = YES;
				CLANG_WARN_UNGUARDED_AVAILABILITY = YES_AGGRESSIVE;
				CLANG_WARN_UNREACHABLE_CODE = YES;
				CLANG_WARN__DUPLICATE_METHOD_MATCH = YES;
				CODE_SIGN_IDENTITY = "iPhone Developer";
				COPY_PHASE_STRIP = NO;
				DEBUG_INFORMATION_FORMAT = dwarf;
				ENABLE_STRICT_OBJC_MSGSEND = YES;
				ENABLE_TESTABILITY = YES;
				GCC_C_LANGUAGE_STANDARD = gnu11;
				GCC_DYNAMIC_NO_PIC = NO;
				GCC_NO_COMMON_BLOCKS = YES;
				GCC_OPTIMIZATION_LEVEL = 0;
				GCC_PREPROCESSOR_DEFINITIONS = (
					"DEBUG=1",
					"$(inherited)",
				);
				GCC_WARN_64_TO_32_BIT_CONVERSION = YES;
				GCC_WARN_ABOUT_RETURN_TYPE = YES_ERROR;
				GCC_WARN_UNDECLARED_SELECTOR = YES;
				GCC_WARN_UNINITIALIZED_AUTOS = YES_AGGRESSIVE;
				GCC_WARN_UNUSED_FUNCTION = YES;
				GCC_WARN_UNUSED_VARIABLE = YES;
				IPHONEOS_DEPLOYMENT_TARGET = 11.2;
				MTL_ENABLE_DEBUG_INFO = YES;
				ONLY_ACTIVE_ARCH = YES;
				SDKROOT = iphoneos;
				SWIFT_ACTIVE_COMPILATION_CONDITIONS = DEBUG;
				SWIFT_OPTIMIZATION_LEVEL = "-Onone";
			};
			name = Debug;
		};
		BC577D6F208602E6002D6CBB /* Release */ = {
			isa = XCBuildConfiguration;
			buildSettings = {
				ALWAYS_SEARCH_USER_PATHS = NO;
				CLANG_ANALYZER_NONNULL = YES;
				CLANG_ANALYZER_NUMBER_OBJECT_CONVERSION = YES_AGGRESSIVE;
				CLANG_CXX_LANGUAGE_STANDARD = "gnu++14";
				CLANG_CXX_LIBRARY = "libc++";
				CLANG_ENABLE_MODULES = YES;
				CLANG_ENABLE_OBJC_ARC = YES;
				CLANG_WARN_BLOCK_CAPTURE_AUTORELEASING = YES;
				CLANG_WARN_BOOL_CONVERSION = YES;
				CLANG_WARN_COMMA = YES;
				CLANG_WARN_CONSTANT_CONVERSION = YES;
				CLANG_WARN_DIRECT_OBJC_ISA_USAGE = YES_ERROR;
				CLANG_WARN_DOCUMENTATION_COMMENTS = YES;
				CLANG_WARN_EMPTY_BODY = YES;
				CLANG_WARN_ENUM_CONVERSION = YES;
				CLANG_WARN_INFINITE_RECURSION = YES;
				CLANG_WARN_INT_CONVERSION = YES;
				CLANG_WARN_NON_LITERAL_NULL_CONVERSION = YES;
				CLANG_WARN_OBJC_LITERAL_CONVERSION = YES;
				CLANG_WARN_OBJC_ROOT_CLASS = YES_ERROR;
				CLANG_WARN_RANGE_LOOP_ANALYSIS = YES;
				CLANG_WARN_STRICT_PROTOTYPES = YES;
				CLANG_WARN_SUSPICIOUS_MOVE = YES;
				CLANG_WARN_UNGUARDED_AVAILABILITY = YES_AGGRESSIVE;
				CLANG_WARN_UNREACHABLE_CODE = YES;
				CLANG_WARN__DUPLICATE_METHOD_MATCH = YES;
				CODE_SIGN_IDENTITY = "iPhone Developer";
				COPY_PHASE_STRIP = NO;
				DEBUG_INFORMATION_FORMAT = "dwarf-with-dsym";
				ENABLE_NS_ASSERTIONS = NO;
				ENABLE_STRICT_OBJC_MSGSEND = YES;
				GCC_C_LANGUAGE_STANDARD = gnu11;
				GCC_NO_COMMON_BLOCKS = YES;
				GCC_WARN_64_TO_32_BIT_CONVERSION = YES;
				GCC_WARN_ABOUT_RETURN_TYPE = YES_ERROR;
				GCC_WARN_UNDECLARED_SELECTOR = YES;
				GCC_WARN_UNINITIALIZED_AUTOS = YES_AGGRESSIVE;
				GCC_WARN_UNUSED_FUNCTION = YES;
				GCC_WARN_UNUSED_VARIABLE = YES;
				IPHONEOS_DEPLOYMENT_TARGET = 11.2;
				MTL_ENABLE_DEBUG_INFO = NO;
				SDKROOT = iphoneos;
				SWIFT_OPTIMIZATION_LEVEL = "-Owholemodule";
				VALIDATE_PRODUCT = YES;
			};
			name = Release;
		};
		BC577D71208602E6002D6CBB /* Debug */ = {
			isa = XCBuildConfiguration;
			baseConfigurationReference = 5B71A2D64D009F8C62784019 /* Pods-JWSCocoapodsTips.debug.xcconfig */;
			buildSettings = {
				ASSETCATALOG_COMPILER_APPICON_NAME = AppIcon;
				CODE_SIGN_STYLE = Automatic;
				DEVELOPMENT_TEAM = Y72B7R5K2B;
				INFOPLIST_FILE = JWSCocoapodsTips/Info.plist;
				LD_RUNPATH_SEARCH_PATHS = "$(inherited) @executable_path/Frameworks";
				PRODUCT_BUNDLE_IDENTIFIER = kr.co.clintjang.JWSCocoapodsTips;
				PRODUCT_NAME = "$(TARGET_NAME)";
				SWIFT_VERSION = 4.0;
				TARGETED_DEVICE_FAMILY = "1,2";
			};
			name = Debug;
		};
		BC577D72208602E6002D6CBB /* Release */ = {
			isa = XCBuildConfiguration;
			baseConfigurationReference = AEF7DE1B4B986C2F07485268 /* Pods-JWSCocoapodsTips.release.xcconfig */;
			buildSettings = {
				ASSETCATALOG_COMPILER_APPICON_NAME = AppIcon;
				CODE_SIGN_STYLE = Automatic;
				DEVELOPMENT_TEAM = Y72B7R5K2B;
				INFOPLIST_FILE = JWSCocoapodsTips/Info.plist;
				LD_RUNPATH_SEARCH_PATHS = "$(inherited) @executable_path/Frameworks";
				PRODUCT_BUNDLE_IDENTIFIER = kr.co.clintjang.JWSCocoapodsTips;
				PRODUCT_NAME = "$(TARGET_NAME)";
				SWIFT_VERSION = 4.0;
				TARGETED_DEVICE_FAMILY = "1,2";
			};
			name = Release;
		};
/* End XCBuildConfiguration section */

/* Begin XCConfigurationList section */
		BC577D59208602E6002D6CBB /* Build configuration list for PBXProject "JWSCocoapodsTips" */ = {
			isa = XCConfigurationList;
			buildConfigurations = (
				BC577D6E208602E6002D6CBB /* Debug */,
				BC577D6F208602E6002D6CBB /* Release */,
			);
			defaultConfigurationIsVisible = 0;
			defaultConfigurationName = Release;
		};
		BC577D70208602E6002D6CBB /* Build configuration list for PBXNativeTarget "JWSCocoapodsTips" */ = {
			isa = XCConfigurationList;
			buildConfigurations = (
				BC577D71208602E6002D6CBB /* Debug */,
				BC577D72208602E6002D6CBB /* Release */,
			);
			defaultConfigurationIsVisible = 0;
			defaultConfigurationName = Release;
		};
/* End XCConfigurationList section */
	};
	rootObject = BC577D56208602E6002D6CBB /* Project object */;
}
